
Microsoft Visual Studio Solution File, Format Version 12.00
# Visual Studio Version 16
VisualStudioVersion = 16.0.32002.261
MinimumVisualStudioVersion = 10.0.40219.1
Project("{FAE04EC0-301F-11D3-BF4B-00C04F79EFBC}") = "Lab21", "Lab21\Lab21.csproj", "{35D92E28-CCAC-44F8-B63F-95C0F90E049A}"
EndProject
Global
	GlobalSection(SolutionConfigurationPlatforms) = preSolution
		Debug|Any CPU = Debug|Any CPU
		Release|Any CPU = Release|Any CPU
	EndGlobalSection
	GlobalSection(ProjectConfigurationPlatforms) = postSolution
		{35D92E28-CCAC-44F8-B63F-95C0F90E049A}.Debug|Any CPU.ActiveCfg = Debug|Any CPU
		{35D92E28-CCAC-44F8-B63F-95C0F90E049A}.Debug|Any CPU.Build.0 = Debug|Any CPU
		{35D92E28-CCAC-44F8-B63F-95C0F90E049A}.Release|Any CPU.ActiveCfg = Release|Any CPU
		{35D92E28-CCAC-44F8-B63F-95C0F90E049A}.Release|Any CPU.Build.0 = Release|Any CPU
	EndGlobalSection
	GlobalSection(SolutionProperties) = preSolution
		HideSolutionNode = FALSE
	EndGlobalSection
	GlobalSection(ExtensibilityGlobals) = postSolution
		SolutionGuid = {46404AE0-561D-4490-BB1E-9D67A4D75393}
	EndGlobalSection
EndGlobal
